<?xml version="1.0" encoding="utf-8"?>
<Project ToolsVersion="4.0" xmlns="http://schemas.microsoft.com/developer/msbuild/2003">
  <ItemGroup>
    <Filter Include="Source Files">
      <UniqueIdentifier>{4FC737F1-C7A5-4376-A066-2A32D752A2FF}</UniqueIdentifier>
      <Extensions>cpp;c;cc;cxx;def;odl;idl;hpj;bat;asm;asmx</Extensions>
    </Filter>
    <Filter Include="Header Files">
      <UniqueIdentifier>{93995380-89BD-4b04-88EB-625FBE52EBFB}</UniqueIdentifier>
      <Extensions>h;hh;hpp;hxx;hm;inl;inc;ipp;xsd</Extensions>
    </Filter>
    <Filter Include="Resource Files">
      <UniqueIdentifier>{67DA6AB6-F800-4c08-8B7A-83BB121AAD01}</UniqueIdentifier>
      <Extensions>rc;ico;cur;bmp;dlg;rc2;rct;bin;rgs;gif;jpg;jpeg;jpe;resx;tiff;tif;png;wav;mfcribbon-ms</Extensions>
    </Filter>
  </ItemGroup>
  <ItemGroup>
    <None Include="ClassDiagram.cd" />
    <None Include="AdamAndEve.aps" />
    <None Include="include\SDL\SDL_config.h.cmake" />
    <None Include="include\SDL\SDL_config.h.in" />
    <None Include="include\SDL\SDL_config_macosx.h.orig" />
    <None Include="SDL2.dll" />
    <None Include="libjpeg-9.dll" />
    <None Include="libpng16-16.dll" />
    <None Include="libtiff-5.dll" />
    <None Include="libwebp-7.dll" />
    <None Include="SDL2_image.dll" />
    <None Include="zlib1.dll" />
    <None Include="libfreetype-6.dll" />
    <None Include="SDL2_ttf.dll" />
  </ItemGroup>
  <ItemGroup>
    <ClCompile Include="core\Entity.cpp">
      <Filter>Source Files</Filter>
    </ClCompile>
    <ClCompile Include="core\GameMap.cpp">
      <Filter>Source Files</Filter>
    </ClCompile>
    <ClCompile Include="core\GameMaster.cpp">
      <Filter>Source Files</Filter>
    </ClCompile>
    <ClCompile Include="core\InitializeMap.cpp">
      <Filter>Source Files</Filter>
    </ClCompile>
    <ClCompile Include="core\Item.cpp">
      <Filter>Source Files</Filter>
    </ClCompile>
    <ClCompile Include="core\Main.cpp">
      <Filter>Source Files</Filter>
    </ClCompile>
    <ClCompile Include="core\Object.cpp">
      <Filter>Source Files</Filter>
    </ClCompile>
    <ClCompile Include="core\SaveFile.cpp">
      <Filter>Source Files</Filter>
    </ClCompile>
    <ClCompile Include="core\Task.cpp">
      <Filter>Source Files</Filter>
    </ClCompile>
    <ClCompile Include="core\Tile.cpp">
      <Filter>Source Files</Filter>
    </ClCompile>
    <ClCompile Include="entitys\Human.cpp">
      <Filter>Source Files</Filter>
    </ClCompile>
    <ClCompile Include="entitys\Player.cpp">
      <Filter>Source Files</Filter>
    </ClCompile>
    <ClCompile Include="graphics\GameWindow.cpp">
      <Filter>Source Files</Filter>
    </ClCompile>
    <ClCompile Include="items\WoodenLog.cpp">
      <Filter>Source Files</Filter>
    </ClCompile>
    <ClCompile Include="objects\Tree.cpp">
      <Filter>Source Files</Filter>
    </ClCompile>
    <ClCompile Include="tasks\Interact.cpp">
      <Filter>Source Files</Filter>
    </ClCompile>
    <ClCompile Include="tasks\PlayerTask.cpp">
      <Filter>Source Files</Filter>
    </ClCompile>
    <ClCompile Include="tasks\WalkRandomly.cpp">
      <Filter>Source Files</Filter>
    </ClCompile>
    <ClCompile Include="tiles\Grass.cpp">
      <Filter>Source Files</Filter>
    </ClCompile>
    <ClCompile Include="graphics\Texture.cpp">
      <Filter>Source Files</Filter>
    </ClCompile>
    <ClCompile Include="graphics\Window.cpp">
      <Filter>Source Files</Filter>
    </ClCompile>
    <ClCompile Include="graphics\DevConsole.cpp">
      <Filter>Source Files</Filter>
    </ClCompile>
    <ClCompile Include="graphics\Screen.cpp">
      <Filter>Source Files</Filter>
    </ClCompile>
    <ClCompile Include="constants\ClipCode.h">
      <Filter>Source Files</Filter>
    </ClCompile>
    <ClCompile Include="graphics\Renderable.cpp">
      <Filter>Source Files</Filter>
    </ClCompile>
    <ClCompile Include="graphics\Element.cpp">
      <Filter>Source Files</Filter>
    </ClCompile>
    <ClCompile Include="graphics\TextDisplayBox.cpp">
      <Filter>Source Files</Filter>
    </ClCompile>
    <ClCompile Include="graphics\Canvas.cpp">
      <Filter>Source Files</Filter>
    </ClCompile>
    <ClCompile Include="graphics\textInputBox.cpp">
      <Filter>Source Files</Filter>
    </ClCompile>
    <ClCompile Include="tasks\Move.cpp">
      <Filter>Source Files</Filter>
    </ClCompile>
    <ClCompile Include="core\MovementVector.cpp">
      <Filter>Source Files</Filter>
    </ClCompile>
    <ClCompile Include="tasks\MoveInStraightLine.cpp">
      <Filter>Source Files</Filter>
    </ClCompile>
    <ClCompile Include="graphics\ItemBar.cpp">
      <Filter>Source Files</Filter>
    </ClCompile>
  </ItemGroup>
  <ItemGroup>
    <ClInclude Include="core\Entity.h">
      <Filter>Header Files</Filter>
    </ClInclude>
    <ClInclude Include="core\GameMap.h">
      <Filter>Header Files</Filter>
    </ClInclude>
    <ClInclude Include="core\GameMaster.h">
      <Filter>Header Files</Filter>
    </ClInclude>
    <ClInclude Include="core\InitializeMap.h">
      <Filter>Header Files</Filter>
    </ClInclude>
    <ClInclude Include="core\Item.h">
      <Filter>Header Files</Filter>
    </ClInclude>
    <ClInclude Include="core\Object.h">
      <Filter>Header Files</Filter>
    </ClInclude>
    <ClInclude Include="core\SaveFile.h">
      <Filter>Header Files</Filter>
    </ClInclude>
    <ClInclude Include="core\Task.h">
      <Filter>Header Files</Filter>
    </ClInclude>
    <ClInclude Include="core\Tile.h">
      <Filter>Header Files</Filter>
    </ClInclude>
    <ClInclude Include="core\Tiles.h">
      <Filter>Header Files</Filter>
    </ClInclude>
    <ClInclude Include="entitys\Human.h">
      <Filter>Header Files</Filter>
    </ClInclude>
    <ClInclude Include="entitys\Player.h">
      <Filter>Header Files</Filter>
    </ClInclude>
    <ClInclude Include="graphics\GameWindow.h">
      <Filter>Header Files</Filter>
    </ClInclude>
    <ClInclude Include="include\curses.h">
      <Filter>Header Files</Filter>
    </ClInclude>
    <ClInclude Include="include\curspriv.h">
      <Filter>Header Files</Filter>
    </ClInclude>
    <ClInclude Include="include\panel.h">
      <Filter>Header Files</Filter>
    </ClInclude>
    <ClInclude Include="include\term.h">
      <Filter>Header Files</Filter>
    </ClInclude>
    <ClInclude Include="items\WoodenLog.h">
      <Filter>Header Files</Filter>
    </ClInclude>
    <ClInclude Include="objects\Tree.h">
      <Filter>Header Files</Filter>
    </ClInclude>
    <ClInclude Include="tasks\Interact.h">
      <Filter>Header Files</Filter>
    </ClInclude>
    <ClInclude Include="tasks\PlayerTask.h">
      <Filter>Header Files</Filter>
    </ClInclude>
    <ClInclude Include="tasks\WalkRandomly.h">
      <Filter>Header Files</Filter>
    </ClInclude>
    <ClInclude Include="tiles\Grass.h">
      <Filter>Header Files</Filter>
    </ClInclude>
    <ClInclude Include="resource.h">
      <Filter>Header Files</Filter>
    </ClInclude>
    <ClInclude Include="constants\Color.h">
      <Filter>Header Files</Filter>
    </ClInclude>
    <ClInclude Include="constants\Constants.h">
      <Filter>Header Files</Filter>
    </ClInclude>
    <ClInclude Include="constants\Direction.h">
      <Filter>Header Files</Filter>
    </ClInclude>
    <ClInclude Include="constants\EntityType.h">
      <Filter>Header Files</Filter>
    </ClInclude>
    <ClInclude Include="constants\MoveType.h">
      <Filter>Header Files</Filter>
    </ClInclude>
    <ClInclude Include="constants\ObjectType.h">
      <Filter>Header Files</Filter>
    </ClInclude>
    <ClInclude Include="constants\TileType.h">
      <Filter>Header Files</Filter>
    </ClInclude>
    <ClInclude Include="constants\ItemType.h">
      <Filter>Header Files</Filter>
    </ClInclude>
    <ClInclude Include="include\SDL\begin_code.h">
      <Filter>Header Files</Filter>
    </ClInclude>
    <ClInclude Include="include\SDL\close_code.h">
      <Filter>Header Files</Filter>
    </ClInclude>
    <ClInclude Include="include\SDL\SDL.h">
      <Filter>Header Files</Filter>
    </ClInclude>
    <ClInclude Include="include\SDL\SDL_assert.h">
      <Filter>Header Files</Filter>
    </ClInclude>
    <ClInclude Include="include\SDL\SDL_atomic.h">
      <Filter>Header Files</Filter>
    </ClInclude>
    <ClInclude Include="include\SDL\SDL_audio.h">
      <Filter>Header Files</Filter>
    </ClInclude>
    <ClInclude Include="include\SDL\SDL_bits.h">
      <Filter>Header Files</Filter>
    </ClInclude>
    <ClInclude Include="include\SDL\SDL_blendmode.h">
      <Filter>Header Files</Filter>
    </ClInclude>
    <ClInclude Include="include\SDL\SDL_clipboard.h">
      <Filter>Header Files</Filter>
    </ClInclude>
    <ClInclude Include="include\SDL\SDL_config.h">
      <Filter>Header Files</Filter>
    </ClInclude>
    <ClInclude Include="include\SDL\SDL_config_android.h">
      <Filter>Header Files</Filter>
    </ClInclude>
    <ClInclude Include="include\SDL\SDL_config_iphoneos.h">
      <Filter>Header Files</Filter>
    </ClInclude>
    <ClInclude Include="include\SDL\SDL_config_macosx.h">
      <Filter>Header Files</Filter>
    </ClInclude>
    <ClInclude Include="include\SDL\SDL_config_minimal.h">
      <Filter>Header Files</Filter>
    </ClInclude>
    <ClInclude Include="include\SDL\SDL_config_pandora.h">
      <Filter>Header Files</Filter>
    </ClInclude>
    <ClInclude Include="include\SDL\SDL_config_psp.h">
      <Filter>Header Files</Filter>
    </ClInclude>
    <ClInclude Include="include\SDL\SDL_config_windows.h">
      <Filter>Header Files</Filter>
    </ClInclude>
    <ClInclude Include="include\SDL\SDL_config_winrt.h">
      <Filter>Header Files</Filter>
    </ClInclude>
    <ClInclude Include="include\SDL\SDL_config_wiz.h">
      <Filter>Header Files</Filter>
    </ClInclude>
    <ClInclude Include="include\SDL\SDL_copying.h">
      <Filter>Header Files</Filter>
    </ClInclude>
    <ClInclude Include="include\SDL\SDL_cpuinfo.h">
      <Filter>Header Files</Filter>
    </ClInclude>
    <ClInclude Include="include\SDL\SDL_egl.h">
      <Filter>Header Files</Filter>
    </ClInclude>
    <ClInclude Include="include\SDL\SDL_endian.h">
      <Filter>Header Files</Filter>
    </ClInclude>
    <ClInclude Include="include\SDL\SDL_error.h">
      <Filter>Header Files</Filter>
    </ClInclude>
    <ClInclude Include="include\SDL\SDL_events.h">
      <Filter>Header Files</Filter>
    </ClInclude>
    <ClInclude Include="include\SDL\SDL_filesystem.h">
      <Filter>Header Files</Filter>
    </ClInclude>
    <ClInclude Include="include\SDL\SDL_gamecontroller.h">
      <Filter>Header Files</Filter>
    </ClInclude>
    <ClInclude Include="include\SDL\SDL_gesture.h">
      <Filter>Header Files</Filter>
    </ClInclude>
    <ClInclude Include="include\SDL\SDL_haptic.h">
      <Filter>Header Files</Filter>
    </ClInclude>
    <ClInclude Include="include\SDL\SDL_hints.h">
      <Filter>Header Files</Filter>
    </ClInclude>
    <ClInclude Include="include\SDL\SDL_joystick.h">
      <Filter>Header Files</Filter>
    </ClInclude>
    <ClInclude Include="include\SDL\SDL_keyboard.h">
      <Filter>Header Files</Filter>
    </ClInclude>
    <ClInclude Include="include\SDL\SDL_keycode.h">
      <Filter>Header Files</Filter>
    </ClInclude>
    <ClInclude Include="include\SDL\SDL_loadso.h">
      <Filter>Header Files</Filter>
    </ClInclude>
    <ClInclude Include="include\SDL\SDL_log.h">
      <Filter>Header Files</Filter>
    </ClInclude>
    <ClInclude Include="include\SDL\SDL_main.h">
      <Filter>Header Files</Filter>
    </ClInclude>
    <ClInclude Include="include\SDL\SDL_messagebox.h">
      <Filter>Header Files</Filter>
    </ClInclude>
    <ClInclude Include="include\SDL\SDL_mouse.h">
      <Filter>Header Files</Filter>
    </ClInclude>
    <ClInclude Include="include\SDL\SDL_mutex.h">
      <Filter>Header Files</Filter>
    </ClInclude>
    <ClInclude Include="include\SDL\SDL_name.h">
      <Filter>Header Files</Filter>
    </ClInclude>
    <ClInclude Include="include\SDL\SDL_opengl.h">
      <Filter>Header Files</Filter>
    </ClInclude>
    <ClInclude Include="include\SDL\SDL_opengl_glext.h">
      <Filter>Header Files</Filter>
    </ClInclude>
    <ClInclude Include="include\SDL\SDL_opengles.h">
      <Filter>Header Files</Filter>
    </ClInclude>
    <ClInclude Include="include\SDL\SDL_opengles2.h">
      <Filter>Header Files</Filter>
    </ClInclude>
    <ClInclude Include="include\SDL\SDL_opengles2_gl2.h">
      <Filter>Header Files</Filter>
    </ClInclude>
    <ClInclude Include="include\SDL\SDL_opengles2_gl2ext.h">
      <Filter>Header Files</Filter>
    </ClInclude>
    <ClInclude Include="include\SDL\SDL_opengles2_gl2platform.h">
      <Filter>Header Files</Filter>
    </ClInclude>
    <ClInclude Include="include\SDL\SDL_opengles2_khrplatform.h">
      <Filter>Header Files</Filter>
    </ClInclude>
    <ClInclude Include="include\SDL\SDL_pixels.h">
      <Filter>Header Files</Filter>
    </ClInclude>
    <ClInclude Include="include\SDL\SDL_platform.h">
      <Filter>Header Files</Filter>
    </ClInclude>
    <ClInclude Include="include\SDL\SDL_power.h">
      <Filter>Header Files</Filter>
    </ClInclude>
    <ClInclude Include="include\SDL\SDL_quit.h">
      <Filter>Header Files</Filter>
    </ClInclude>
    <ClInclude Include="include\SDL\SDL_rect.h">
      <Filter>Header Files</Filter>
    </ClInclude>
    <ClInclude Include="include\SDL\SDL_render.h">
      <Filter>Header Files</Filter>
    </ClInclude>
    <ClInclude Include="include\SDL\SDL_revision.h">
      <Filter>Header Files</Filter>
    </ClInclude>
    <ClInclude Include="include\SDL\SDL_rwops.h">
      <Filter>Header Files</Filter>
    </ClInclude>
    <ClInclude Include="include\SDL\SDL_scancode.h">
      <Filter>Header Files</Filter>
    </ClInclude>
    <ClInclude Include="include\SDL\SDL_sensor.h">
      <Filter>Header Files</Filter>
    </ClInclude>
    <ClInclude Include="include\SDL\SDL_shape.h">
      <Filter>Header Files</Filter>
    </ClInclude>
    <ClInclude Include="include\SDL\SDL_stdinc.h">
      <Filter>Header Files</Filter>
    </ClInclude>
    <ClInclude Include="include\SDL\SDL_surface.h">
      <Filter>Header Files</Filter>
    </ClInclude>
    <ClInclude Include="include\SDL\SDL_system.h">
      <Filter>Header Files</Filter>
    </ClInclude>
    <ClInclude Include="include\SDL\SDL_syswm.h">
      <Filter>Header Files</Filter>
    </ClInclude>
    <ClInclude Include="include\SDL\SDL_test.h">
      <Filter>Header Files</Filter>
    </ClInclude>
    <ClInclude Include="include\SDL\SDL_test_assert.h">
      <Filter>Header Files</Filter>
    </ClInclude>
    <ClInclude Include="include\SDL\SDL_test_common.h">
      <Filter>Header Files</Filter>
    </ClInclude>
    <ClInclude Include="include\SDL\SDL_test_compare.h">
      <Filter>Header Files</Filter>
    </ClInclude>
    <ClInclude Include="include\SDL\SDL_test_crc32.h">
      <Filter>Header Files</Filter>
    </ClInclude>
    <ClInclude Include="include\SDL\SDL_test_font.h">
      <Filter>Header Files</Filter>
    </ClInclude>
    <ClInclude Include="include\SDL\SDL_test_fuzzer.h">
      <Filter>Header Files</Filter>
    </ClInclude>
    <ClInclude Include="include\SDL\SDL_test_harness.h">
      <Filter>Header Files</Filter>
    </ClInclude>
    <ClInclude Include="include\SDL\SDL_test_images.h">
      <Filter>Header Files</Filter>
    </ClInclude>
    <ClInclude Include="include\SDL\SDL_test_log.h">
      <Filter>Header Files</Filter>
    </ClInclude>
    <ClInclude Include="include\SDL\SDL_test_md5.h">
      <Filter>Header Files</Filter>
    </ClInclude>
    <ClInclude Include="include\SDL\SDL_test_memory.h">
      <Filter>Header Files</Filter>
    </ClInclude>
    <ClInclude Include="include\SDL\SDL_test_random.h">
      <Filter>Header Files</Filter>
    </ClInclude>
    <ClInclude Include="include\SDL\SDL_thread.h">
      <Filter>Header Files</Filter>
    </ClInclude>
    <ClInclude Include="include\SDL\SDL_timer.h">
      <Filter>Header Files</Filter>
    </ClInclude>
    <ClInclude Include="include\SDL\SDL_touch.h">
      <Filter>Header Files</Filter>
    </ClInclude>
    <ClInclude Include="include\SDL\SDL_types.h">
      <Filter>Header Files</Filter>
    </ClInclude>
    <ClInclude Include="include\SDL\SDL_version.h">
      <Filter>Header Files</Filter>
    </ClInclude>
    <ClInclude Include="include\SDL\SDL_video.h">
      <Filter>Header Files</Filter>
    </ClInclude>
    <ClInclude Include="include\SDL\SDL_vulkan.h">
      <Filter>Header Files</Filter>
    </ClInclude>
    <ClInclude Include="graphics\Texture.h">
      <Filter>Header Files</Filter>
    </ClInclude>
    <ClInclude Include="include\SDL_image\SDL_image.h">
      <Filter>Header Files</Filter>
    </ClInclude>
    <ClInclude Include="graphics\Window.h">
      <Filter>Header Files</Filter>
    </ClInclude>
    <ClInclude Include="graphics\DevConsole.h">
      <Filter>Header Files</Filter>
    </ClInclude>
    <ClInclude Include="graphics\Screen.h">
      <Filter>Header Files</Filter>
    </ClInclude>
    <ClInclude Include="graphics\Renderable.h">
      <Filter>Header Files</Filter>
    </ClInclude>
    <ClInclude Include="graphics\Element.h">
      <Filter>Header Files</Filter>
    </ClInclude>
    <ClInclude Include="graphics\TextDisplayBox.h">
      <Filter>Header Files</Filter>
    </ClInclude>
    <ClInclude Include="include\SDL_ttf\SDL_ttf.h">
      <Filter>Header Files</Filter>
    </ClInclude>
    <ClInclude Include="graphics\Canvas.h">
      <Filter>Header Files</Filter>
    </ClInclude>
    <ClInclude Include="graphics\textInputBox.h">
      <Filter>Header Files</Filter>
    </ClInclude>
    <ClInclude Include="tasks\Move.h">
      <Filter>Header Files</Filter>
    </ClInclude>
    <ClInclude Include="core\MovementVector.h">
      <Filter>Header Files</Filter>
    </ClInclude>
    <ClInclude Include="tasks\MoveInStraightLine.h">
      <Filter>Header Files</Filter>
    </ClInclude>
    <ClInclude Include="graphics\ItemBar.h">
      <Filter>Header Files</Filter>
    </ClInclude>
  </ItemGroup>
  <ItemGroup>
    <Library Include="lib\pdcurses.lib" />
    <Library Include="lib\SDL2.lib" />
    <Library Include="lib\SDL2main.lib" />
    <Library Include="lib\SDL2_ttf.lib" />
    <Library Include="lib\SDL2_image.lib" />
  </ItemGroup>
  <ItemGroup>
    <ResourceCompile Include="AdamAndEve.rc">
      <Filter>Resource Files</Filter>
    </ResourceCompile>
  </ItemGroup>
</Project>